// !$*UTF8*$!
{
	archiveVersion = 1;
	classes = {
	};
	objectVersion = 77;
	objects = {

/* Begin PBXBuildFile section */
		9B48F9092E651F3700C470ED /* AppCoordinator.swift in Sources */ = {isa = PBXBuildFile; fileRef = 9B48F8ED2E651F3700C470ED /* AppCoordinator.swift */; };
		9B48F90A2E651F3700C470ED /* AppDelegate.swift in Sources */ = {isa = PBXBuildFile; fileRef = 9B48F8EE2E651F3700C470ED /* AppDelegate.swift */; };
		9B48F90B2E651F3700C470ED /* ComfyMarkApp.swift in Sources */ = {isa = PBXBuildFile; fileRef = 9B48F8EF2E651F3700C470ED /* ComfyMarkApp.swift */; };
		9B48F90C2E651F3700C470ED /* ComfyMarkCoordinator.swift in Sources */ = {isa = PBXBuildFile; fileRef = 9B48F8F42E651F3700C470ED /* ComfyMarkCoordinator.swift */; };
		9B48F90D2E651F3700C470ED /* MenuBarCoordinator.swift in Sources */ = {isa = PBXBuildFile; fileRef = 9B48F8F52E651F3700C470ED /* MenuBarCoordinator.swift */; };
		9B48F90E2E651F3700C470ED /* SettingsCoordinator.swift in Sources */ = {isa = PBXBuildFile; fileRef = 9B48F8F62E651F3700C470ED /* SettingsCoordinator.swift */; };
		9B48F90F2E651F3700C470ED /* WindowCoordinator.swift in Sources */ = {isa = PBXBuildFile; fileRef = 9B48F8F72E651F3700C470ED /* WindowCoordinator.swift */; };
		9B48F9102E651F3700C470ED /* View.swift in Sources */ = {isa = PBXBuildFile; fileRef = 9B48F8F92E651F3700C470ED /* View.swift */; };
		9B48F9112E651F3700C470ED /* ScreenshotService.swift in Sources */ = {isa = PBXBuildFile; fileRef = 9B48F8FB2E651F3700C470ED /* ScreenshotService.swift */; };
		9B48F9122E651F3700C470ED /* ComfyMarkView.swift in Sources */ = {isa = PBXBuildFile; fileRef = 9B48F8FD2E651F3700C470ED /* ComfyMarkView.swift */; };
		9B48F9132E651F3700C470ED /* ComfyMarkViewModel.swift in Sources */ = {isa = PBXBuildFile; fileRef = 9B48F8FE2E651F3700C470ED /* ComfyMarkViewModel.swift */; };
		9B48F9142E651F3700C470ED /* MenuBarViewButton.swift in Sources */ = {isa = PBXBuildFile; fileRef = 9B48F9002E651F3700C470ED /* MenuBarViewButton.swift */; };
		9B48F9152E651F3700C470ED /* MenuBarView.swift in Sources */ = {isa = PBXBuildFile; fileRef = 9B48F9022E651F3700C470ED /* MenuBarView.swift */; };
		9B48F9162E651F3700C470ED /* MenuBarViewModel.swift in Sources */ = {isa = PBXBuildFile; fileRef = 9B48F9032E651F3700C470ED /* MenuBarViewModel.swift */; };
		9B48F9192E651F3700C470ED /* Assets.xcassets in Resources */ = {isa = PBXBuildFile; fileRef = 9B48F9072E651F3700C470ED /* Assets.xcassets */; };
		9B48F95B2E65FBF000C470ED /* Stroke.swift in Sources */ = {isa = PBXBuildFile; fileRef = 9B48F95A2E65FBEF00C470ED /* Stroke.swift */; };
		9B5C4C082E65FC07008BD465 /* MetalContext.swift in Sources */ = {isa = PBXBuildFile; fileRef = 9B5C4C072E65FC05008BD465 /* MetalContext.swift */; };
		9B5C4C0B2E65FC6C008BD465 /* MetalImageView.swift in Sources */ = {isa = PBXBuildFile; fileRef = 9B5C4C0A2E65FC62008BD465 /* MetalImageView.swift */; };
		9B5C4C8B2E65FF4C008BD465 /* Vertex.swift in Sources */ = {isa = PBXBuildFile; fileRef = 9B5C4C8A2E65FF4A008BD465 /* Vertex.swift */; };
		9B5C4CCC2E65FFF9008BD465 /* image.metal in Sources */ = {isa = PBXBuildFile; fileRef = 9B5C4CCB2E65FFF9008BD465 /* image.metal */; };
		9B5C4CCE2E662D23008BD465 /* CustomToolbarView.swift in Sources */ = {isa = PBXBuildFile; fileRef = 9B5C4CCD2E662D22008BD465 /* CustomToolbarView.swift */; };
		9B5C4CD02E662EB9008BD465 /* ComfyMarkToolbar.swift in Sources */ = {isa = PBXBuildFile; fileRef = 9B5C4CCF2E662EB8008BD465 /* ComfyMarkToolbar.swift */; };
		9B5C4CD42E662EE5008BD465 /* SettingsView.swift in Sources */ = {isa = PBXBuildFile; fileRef = 9B5C4CD22E662EE5008BD465 /* SettingsView.swift */; };
		9B5C4CDA2E671D6A008BD465 /* ExportService.swift in Sources */ = {isa = PBXBuildFile; fileRef = 9B5C4CD92E671D67008BD465 /* ExportService.swift */; };
		9B5C4CDC2E675390008BD465 /* Viewport.swift in Sources */ = {isa = PBXBuildFile; fileRef = 9B5C4CDB2E67538E008BD465 /* Viewport.swift */; };
		9B5C4D1D2E6779DE008BD465 /* MenuBarHistory.swift in Sources */ = {isa = PBXBuildFile; fileRef = 9B5C4D1C2E6779DB008BD465 /* MenuBarHistory.swift */; };
		9B5C4D1F2E6783EC008BD465 /* ExportFormatRow.swift in Sources */ = {isa = PBXBuildFile; fileRef = 9B5C4D1E2E6783EB008BD465 /* ExportFormatRow.swift */; };
		9B5C4D212E6784AD008BD465 /* CGImage.swift in Sources */ = {isa = PBXBuildFile; fileRef = 9B5C4D202E6784AA008BD465 /* CGImage.swift */; };
		9B5C4D232E678509008BD465 /* Export.swift in Sources */ = {isa = PBXBuildFile; fileRef = 9B5C4D222E678508008BD465 /* Export.swift */; };
		9B5C4D2A2E688527008BD465 /* EditorState.swift in Sources */ = {isa = PBXBuildFile; fileRef = 9B5C4D282E688527008BD465 /* EditorState.swift */; };
		9B5C4D2E2E6885D8008BD465 /* ComfyMarkDrawingView.swift in Sources */ = {isa = PBXBuildFile; fileRef = 9B5C4D2D2E6885D4008BD465 /* ComfyMarkDrawingView.swift */; };
		9B5C4D322E688A3B008BD465 /* ToolbarEditorStateView.swift in Sources */ = {isa = PBXBuildFile; fileRef = 9B5C4D312E688A39008BD465 /* ToolbarEditorStateView.swift */; };
		9B5C4D342E68A3DD008BD465 /* SettingsTab.swift in Sources */ = {isa = PBXBuildFile; fileRef = 9B5C4D332E68A3DB008BD465 /* SettingsTab.swift */; };
		9B5C4D382E68A434008BD465 /* GeneralSettings.swift in Sources */ = {isa = PBXBuildFile; fileRef = 9B5C4D372E68A432008BD465 /* GeneralSettings.swift */; };
		9B5C4D3A2E68A452008BD465 /* AboutView.swift in Sources */ = {isa = PBXBuildFile; fileRef = 9B5C4D392E68A451008BD465 /* AboutView.swift */; };
		9B5C4D3C2E68A487008BD465 /* SettingsViewModel.swift in Sources */ = {isa = PBXBuildFile; fileRef = 9B5C4D3B2E68A484008BD465 /* SettingsViewModel.swift */; };
		9B5C4D3E2E68A5EF008BD465 /* Image.swift in Sources */ = {isa = PBXBuildFile; fileRef = 9B5C4D3D2E68A5EE008BD465 /* Image.swift */; };
		9B5C4D402E68A8ED008BD465 /* AppSettings.swift in Sources */ = {isa = PBXBuildFile; fileRef = 9B5C4D3F2E68A8EB008BD465 /* AppSettings.swift */; };
		9B5C4D432E68AB8E008BD465 /* GeneralViewModel.swift in Sources */ = {isa = PBXBuildFile; fileRef = 9B5C4D422E68AB8B008BD465 /* GeneralViewModel.swift */; };
		9B5C4D472E68AE22008BD465 /* SettingsSection.swift in Sources */ = {isa = PBXBuildFile; fileRef = 9B5C4D452E68AE22008BD465 /* SettingsSection.swift */; };
		9B5C4D482E68AE22008BD465 /* SettingsContainerView.swift in Sources */ = {isa = PBXBuildFile; fileRef = 9B5C4D442E68AE22008BD465 /* SettingsContainerView.swift */; };
/* End PBXBuildFile section */

/* Begin PBXFileReference section */
		9B48F8ED2E651F3700C470ED /* AppCoordinator.swift */ = {isa = PBXFileReference; lastKnownFileType = sourcecode.swift; path = AppCoordinator.swift; sourceTree = "<group>"; };
		9B48F8EE2E651F3700C470ED /* AppDelegate.swift */ = {isa = PBXFileReference; lastKnownFileType = sourcecode.swift; path = AppDelegate.swift; sourceTree = "<group>"; };
		9B48F8EF2E651F3700C470ED /* ComfyMarkApp.swift */ = {isa = PBXFileReference; lastKnownFileType = sourcecode.swift; path = ComfyMarkApp.swift; sourceTree = "<group>"; };
		9B48F8F12E651F3700C470ED /* ComfyMark.entitlements */ = {isa = PBXFileReference; lastKnownFileType = text.plist.entitlements; path = ComfyMark.entitlements; sourceTree = "<group>"; };
		9B48F8F22E651F3700C470ED /* Info.plist */ = {isa = PBXFileReference; lastKnownFileType = text.plist.xml; path = Info.plist; sourceTree = "<group>"; };
		9B48F8F42E651F3700C470ED /* ComfyMarkCoordinator.swift */ = {isa = PBXFileReference; lastKnownFileType = sourcecode.swift; path = ComfyMarkCoordinator.swift; sourceTree = "<group>"; };
		9B48F8F52E651F3700C470ED /* MenuBarCoordinator.swift */ = {isa = PBXFileReference; lastKnownFileType = sourcecode.swift; path = MenuBarCoordinator.swift; sourceTree = "<group>"; };
		9B48F8F62E651F3700C470ED /* SettingsCoordinator.swift */ = {isa = PBXFileReference; lastKnownFileType = sourcecode.swift; path = SettingsCoordinator.swift; sourceTree = "<group>"; };
		9B48F8F72E651F3700C470ED /* WindowCoordinator.swift */ = {isa = PBXFileReference; lastKnownFileType = sourcecode.swift; path = WindowCoordinator.swift; sourceTree = "<group>"; };
		9B48F8F92E651F3700C470ED /* View.swift */ = {isa = PBXFileReference; lastKnownFileType = sourcecode.swift; path = View.swift; sourceTree = "<group>"; };
		9B48F8FB2E651F3700C470ED /* ScreenshotService.swift */ = {isa = PBXFileReference; lastKnownFileType = sourcecode.swift; path = ScreenshotService.swift; sourceTree = "<group>"; };
		9B48F8FD2E651F3700C470ED /* ComfyMarkView.swift */ = {isa = PBXFileReference; lastKnownFileType = sourcecode.swift; path = ComfyMarkView.swift; sourceTree = "<group>"; };
		9B48F8FE2E651F3700C470ED /* ComfyMarkViewModel.swift */ = {isa = PBXFileReference; lastKnownFileType = sourcecode.swift; path = ComfyMarkViewModel.swift; sourceTree = "<group>"; };
		9B48F9002E651F3700C470ED /* MenuBarViewButton.swift */ = {isa = PBXFileReference; lastKnownFileType = sourcecode.swift; path = MenuBarViewButton.swift; sourceTree = "<group>"; };
		9B48F9022E651F3700C470ED /* MenuBarView.swift */ = {isa = PBXFileReference; lastKnownFileType = sourcecode.swift; path = MenuBarView.swift; sourceTree = "<group>"; };
		9B48F9032E651F3700C470ED /* MenuBarViewModel.swift */ = {isa = PBXFileReference; lastKnownFileType = sourcecode.swift; path = MenuBarViewModel.swift; sourceTree = "<group>"; };
		9B48F9072E651F3700C470ED /* Assets.xcassets */ = {isa = PBXFileReference; lastKnownFileType = folder.assetcatalog; path = Assets.xcassets; sourceTree = "<group>"; };
		9B48F95A2E65FBEF00C470ED /* Stroke.swift */ = {isa = PBXFileReference; lastKnownFileType = sourcecode.swift; path = Stroke.swift; sourceTree = "<group>"; };
		9B5C4C072E65FC05008BD465 /* MetalContext.swift */ = {isa = PBXFileReference; lastKnownFileType = sourcecode.swift; path = MetalContext.swift; sourceTree = "<group>"; };
		9B5C4C0A2E65FC62008BD465 /* MetalImageView.swift */ = {isa = PBXFileReference; lastKnownFileType = sourcecode.swift; path = MetalImageView.swift; sourceTree = "<group>"; };
		9B5C4C8A2E65FF4A008BD465 /* Vertex.swift */ = {isa = PBXFileReference; lastKnownFileType = sourcecode.swift; path = Vertex.swift; sourceTree = "<group>"; };
		9B5C4CCB2E65FFF9008BD465 /* image.metal */ = {isa = PBXFileReference; lastKnownFileType = sourcecode.metal; path = image.metal; sourceTree = "<group>"; };
		9B5C4CCD2E662D22008BD465 /* CustomToolbarView.swift */ = {isa = PBXFileReference; lastKnownFileType = sourcecode.swift; path = CustomToolbarView.swift; sourceTree = "<group>"; };
		9B5C4CCF2E662EB8008BD465 /* ComfyMarkToolbar.swift */ = {isa = PBXFileReference; lastKnownFileType = sourcecode.swift; path = ComfyMarkToolbar.swift; sourceTree = "<group>"; };
		9B5C4CD22E662EE5008BD465 /* SettingsView.swift */ = {isa = PBXFileReference; lastKnownFileType = sourcecode.swift; path = SettingsView.swift; sourceTree = "<group>"; };
		9B5C4CD72E663107008BD465 /* LICENSE */ = {isa = PBXFileReference; lastKnownFileType = text; path = LICENSE; sourceTree = "<group>"; };
		9B5C4CD82E663107008BD465 /* README.md */ = {isa = PBXFileReference; lastKnownFileType = net.daringfireball.markdown; path = README.md; sourceTree = "<group>"; };
		9B5C4CD92E671D67008BD465 /* ExportService.swift */ = {isa = PBXFileReference; lastKnownFileType = sourcecode.swift; path = ExportService.swift; sourceTree = "<group>"; };
		9B5C4CDB2E67538E008BD465 /* Viewport.swift */ = {isa = PBXFileReference; lastKnownFileType = sourcecode.swift; path = Viewport.swift; sourceTree = "<group>"; };
		9B5C4D1C2E6779DB008BD465 /* MenuBarHistory.swift */ = {isa = PBXFileReference; lastKnownFileType = sourcecode.swift; path = MenuBarHistory.swift; sourceTree = "<group>"; };
		9B5C4D1E2E6783EB008BD465 /* ExportFormatRow.swift */ = {isa = PBXFileReference; lastKnownFileType = sourcecode.swift; path = ExportFormatRow.swift; sourceTree = "<group>"; };
		9B5C4D202E6784AA008BD465 /* CGImage.swift */ = {isa = PBXFileReference; lastKnownFileType = sourcecode.swift; path = CGImage.swift; sourceTree = "<group>"; };
		9B5C4D222E678508008BD465 /* Export.swift */ = {isa = PBXFileReference; lastKnownFileType = sourcecode.swift; path = Export.swift; sourceTree = "<group>"; };
		9B5C4D282E688527008BD465 /* EditorState.swift */ = {isa = PBXFileReference; lastKnownFileType = sourcecode.swift; path = EditorState.swift; sourceTree = "<group>"; };
		9B5C4D2D2E6885D4008BD465 /* ComfyMarkDrawingView.swift */ = {isa = PBXFileReference; lastKnownFileType = sourcecode.swift; path = ComfyMarkDrawingView.swift; sourceTree = "<group>"; };
		9B5C4D312E688A39008BD465 /* ToolbarEditorStateView.swift */ = {isa = PBXFileReference; lastKnownFileType = sourcecode.swift; path = ToolbarEditorStateView.swift; sourceTree = "<group>"; };
		9B5C4D332E68A3DB008BD465 /* SettingsTab.swift */ = {isa = PBXFileReference; lastKnownFileType = sourcecode.swift; path = SettingsTab.swift; sourceTree = "<group>"; };
		9B5C4D372E68A432008BD465 /* GeneralSettings.swift */ = {isa = PBXFileReference; lastKnownFileType = sourcecode.swift; path = GeneralSettings.swift; sourceTree = "<group>"; };
		9B5C4D392E68A451008BD465 /* AboutView.swift */ = {isa = PBXFileReference; lastKnownFileType = sourcecode.swift; path = AboutView.swift; sourceTree = "<group>"; };
		9B5C4D3B2E68A484008BD465 /* SettingsViewModel.swift */ = {isa = PBXFileReference; lastKnownFileType = sourcecode.swift; path = SettingsViewModel.swift; sourceTree = "<group>"; };
		9B5C4D3D2E68A5EE008BD465 /* Image.swift */ = {isa = PBXFileReference; lastKnownFileType = sourcecode.swift; path = Image.swift; sourceTree = "<group>"; };
		9B5C4D3F2E68A8EB008BD465 /* AppSettings.swift */ = {isa = PBXFileReference; lastKnownFileType = sourcecode.swift; path = AppSettings.swift; sourceTree = "<group>"; };
		9B5C4D422E68AB8B008BD465 /* GeneralViewModel.swift */ = {isa = PBXFileReference; lastKnownFileType = sourcecode.swift; path = GeneralViewModel.swift; sourceTree = "<group>"; };
		9B5C4D442E68AE22008BD465 /* SettingsContainerView.swift */ = {isa = PBXFileReference; lastKnownFileType = sourcecode.swift; path = SettingsContainerView.swift; sourceTree = "<group>"; };
		9B5C4D452E68AE22008BD465 /* SettingsSection.swift */ = {isa = PBXFileReference; lastKnownFileType = sourcecode.swift; path = SettingsSection.swift; sourceTree = "<group>"; };
		9B9F5B8D2E64FFC100F3396D /* ComfyMark.app */ = {isa = PBXFileReference; explicitFileType = wrapper.application; includeInIndex = 0; path = ComfyMark.app; sourceTree = BUILT_PRODUCTS_DIR; };
/* End PBXFileReference section */

/* Begin PBXFrameworksBuildPhase section */
		9B9F5B8A2E64FFC100F3396D /* Frameworks */ = {
			isa = PBXFrameworksBuildPhase;
			buildActionMask = 2147483647;
			files = (
			);
			runOnlyForDeploymentPostprocessing = 0;
		};
/* End PBXFrameworksBuildPhase section */

/* Begin PBXGroup section */
		9B48F8F02E651F3700C470ED /* App */ = {
			isa = PBXGroup;
			children = (
				9B48F8ED2E651F3700C470ED /* AppCoordinator.swift */,
				9B48F8EE2E651F3700C470ED /* AppDelegate.swift */,
				9B48F8EF2E651F3700C470ED /* ComfyMarkApp.swift */,
			);
			path = App;
			sourceTree = "<group>";
		};
		9B48F8F32E651F3700C470ED /* Config */ = {
			isa = PBXGroup;
			children = (
				9B48F8F12E651F3700C470ED /* ComfyMark.entitlements */,
				9B48F8F22E651F3700C470ED /* Info.plist */,
			);
			path = Config;
			sourceTree = "<group>";
		};
		9B48F8F82E651F3700C470ED /* Coordinators */ = {
			isa = PBXGroup;
			children = (
				9B48F8F42E651F3700C470ED /* ComfyMarkCoordinator.swift */,
				9B48F8F52E651F3700C470ED /* MenuBarCoordinator.swift */,
				9B48F8F62E651F3700C470ED /* SettingsCoordinator.swift */,
				9B48F8F72E651F3700C470ED /* WindowCoordinator.swift */,
			);
			path = Coordinators;
			sourceTree = "<group>";
		};
		9B48F8FA2E651F3700C470ED /* Extensions */ = {
			isa = PBXGroup;
			children = (
				9B5C4D3D2E68A5EE008BD465 /* Image.swift */,
				9B5C4D202E6784AA008BD465 /* CGImage.swift */,
				9B48F8F92E651F3700C470ED /* View.swift */,
			);
			path = Extensions;
			sourceTree = "<group>";
		};
		9B48F8FC2E651F3700C470ED /* Services */ = {
			isa = PBXGroup;
			children = (
				9B5C4CD92E671D67008BD465 /* ExportService.swift */,
				9B48F8FB2E651F3700C470ED /* ScreenshotService.swift */,
			);
			path = Services;
			sourceTree = "<group>";
		};
		9B48F8FF2E651F3700C470ED /* ComfyMark */ = {
			isa = PBXGroup;
			children = (
				9B5C4D302E688A31008BD465 /* Toolbar */,
				9B5C4D2D2E6885D4008BD465 /* ComfyMarkDrawingView.swift */,
				9B48F8FD2E651F3700C470ED /* ComfyMarkView.swift */,
				9B48F8FE2E651F3700C470ED /* ComfyMarkViewModel.swift */,
			);
			path = ComfyMark;
			sourceTree = "<group>";
		};
		9B48F9042E651F3700C470ED /* MenuBar */ = {
			isa = PBXGroup;
			children = (
				9B5C4D1C2E6779DB008BD465 /* MenuBarHistory.swift */,
				9B48F9022E651F3700C470ED /* MenuBarView.swift */,
				9B48F9032E651F3700C470ED /* MenuBarViewModel.swift */,
			);
			path = MenuBar;
			sourceTree = "<group>";
		};
		9B48F9062E651F3700C470ED /* Views */ = {
			isa = PBXGroup;
			children = (
				9B5C4CD32E662EE5008BD465 /* Settings */,
				9B48F8FF2E651F3700C470ED /* ComfyMark */,
				9B48F9042E651F3700C470ED /* MenuBar */,
				9B5C4C092E65FC5B008BD465 /* Components */,
			);
			path = Views;
			sourceTree = "<group>";
		};
		9B48F9082E651F3700C470ED /* ComfyMark */ = {
			isa = PBXGroup;
			children = (
				9B48F8F02E651F3700C470ED /* App */,
				9B48F8F82E651F3700C470ED /* Coordinators */,
				9B48F8FC2E651F3700C470ED /* Services */,
				9B48F9592E65FBDE00C470ED /* Models */,
				9B48F9062E651F3700C470ED /* Views */,
				9B48F8F32E651F3700C470ED /* Config */,
				9B48F8FA2E651F3700C470ED /* Extensions */,
				9B48F9072E651F3700C470ED /* Assets.xcassets */,
			);
			path = ComfyMark;
			sourceTree = "<group>";
		};
		9B48F9592E65FBDE00C470ED /* Models */ = {
			isa = PBXGroup;
			children = (
				9B5C4D3F2E68A8EB008BD465 /* AppSettings.swift */,
				9B5C4D332E68A3DB008BD465 /* SettingsTab.swift */,
				9B5C4D222E678508008BD465 /* Export.swift */,
				9B5C4CDB2E67538E008BD465 /* Viewport.swift */,
				9B5C4C8A2E65FF4A008BD465 /* Vertex.swift */,
				9B5C4C072E65FC05008BD465 /* MetalContext.swift */,
				9B48F95A2E65FBEF00C470ED /* Stroke.swift */,
				9B5C4D282E688527008BD465 /* EditorState.swift */,
			);
			path = Models;
			sourceTree = "<group>";
		};
		9B5C4C092E65FC5B008BD465 /* Components */ = {
			isa = PBXGroup;
			children = (
				9B5C4D1E2E6783EB008BD465 /* ExportFormatRow.swift */,
				9B5C4CCD2E662D22008BD465 /* CustomToolbarView.swift */,
				9B5C4C0A2E65FC62008BD465 /* MetalImageView.swift */,
				9B5C4CCB2E65FFF9008BD465 /* image.metal */,
				9B48F9002E651F3700C470ED /* MenuBarViewButton.swift */,
				9B5C4D442E68AE22008BD465 /* SettingsContainerView.swift */,
				9B5C4D452E68AE22008BD465 /* SettingsSection.swift */,
			);
			path = Components;
			sourceTree = "<group>";
		};
		9B5C4CD32E662EE5008BD465 /* Settings */ = {
			isa = PBXGroup;
			children = (
				9B5C4D412E68AB83008BD465 /* Tabs */,
				9B5C4CD22E662EE5008BD465 /* SettingsView.swift */,
				9B5C4D3B2E68A484008BD465 /* SettingsViewModel.swift */,
			);
			path = Settings;
			sourceTree = "<group>";
		};
		9B5C4D302E688A31008BD465 /* Toolbar */ = {
			isa = PBXGroup;
			children = (
				9B5C4D312E688A39008BD465 /* ToolbarEditorStateView.swift */,
				9B5C4CCF2E662EB8008BD465 /* ComfyMarkToolbar.swift */,
			);
			path = Toolbar;
			sourceTree = "<group>";
		};
		9B5C4D352E68A429008BD465 /* General */ = {
			isa = PBXGroup;
			children = (
				9B5C4D422E68AB8B008BD465 /* GeneralViewModel.swift */,
				9B5C4D372E68A432008BD465 /* GeneralSettings.swift */,
			);
			path = General;
			sourceTree = "<group>";
		};
		9B5C4D362E68A42E008BD465 /* About */ = {
			isa = PBXGroup;
			children = (
				9B5C4D392E68A451008BD465 /* AboutView.swift */,
			);
			path = About;
			sourceTree = "<group>";
		};
		9B5C4D412E68AB83008BD465 /* Tabs */ = {
			isa = PBXGroup;
			children = (
				9B5C4D362E68A42E008BD465 /* About */,
				9B5C4D352E68A429008BD465 /* General */,
			);
			path = Tabs;
			sourceTree = "<group>";
		};
		9B9F5B842E64FFC100F3396D = {
			isa = PBXGroup;
			children = (
				9B5C4CD72E663107008BD465 /* LICENSE */,
				9B5C4CD82E663107008BD465 /* README.md */,
				9B48F9082E651F3700C470ED /* ComfyMark */,
				9B9F5B8E2E64FFC100F3396D /* Products */,
			);
			sourceTree = "<group>";
		};
		9B9F5B8E2E64FFC100F3396D /* Products */ = {
			isa = PBXGroup;
			children = (
				9B9F5B8D2E64FFC100F3396D /* ComfyMark.app */,
			);
			name = Products;
			sourceTree = "<group>";
		};
/* End PBXGroup section */

/* Begin PBXNativeTarget section */
		9B9F5B8C2E64FFC100F3396D /* ComfyMark */ = {
			isa = PBXNativeTarget;
			buildConfigurationList = 9B9F5B992E64FFC300F3396D /* Build configuration list for PBXNativeTarget "ComfyMark" */;
			buildPhases = (
				9B9F5B892E64FFC100F3396D /* Sources */,
				9B9F5B8A2E64FFC100F3396D /* Frameworks */,
				9B9F5B8B2E64FFC100F3396D /* Resources */,
			);
			buildRules = (
			);
			dependencies = (
			);
			name = ComfyMark;
			packageProductDependencies = (
			);
			productName = ComfyMark;
			productReference = 9B9F5B8D2E64FFC100F3396D /* ComfyMark.app */;
			productType = "com.apple.product-type.application";
		};
/* End PBXNativeTarget section */

/* Begin PBXProject section */
		9B9F5B852E64FFC100F3396D /* Project object */ = {
			isa = PBXProject;
			attributes = {
				BuildIndependentTargetsInParallel = 1;
				LastSwiftUpdateCheck = 1640;
				LastUpgradeCheck = 1640;
				TargetAttributes = {
					9B9F5B8C2E64FFC100F3396D = {
						CreatedOnToolsVersion = 16.4;
					};
				};
			};
			buildConfigurationList = 9B9F5B882E64FFC100F3396D /* Build configuration list for PBXProject "ComfyMark" */;
			developmentRegion = en;
			hasScannedForEncodings = 0;
			knownRegions = (
				en,
				Base,
			);
			mainGroup = 9B9F5B842E64FFC100F3396D;
			minimizedProjectReferenceProxies = 1;
			preferredProjectObjectVersion = 77;
			productRefGroup = 9B9F5B8E2E64FFC100F3396D /* Products */;
			projectDirPath = "";
			projectRoot = "";
			targets = (
				9B9F5B8C2E64FFC100F3396D /* ComfyMark */,
			);
		};
/* End PBXProject section */

/* Begin PBXResourcesBuildPhase section */
		9B9F5B8B2E64FFC100F3396D /* Resources */ = {
			isa = PBXResourcesBuildPhase;
			buildActionMask = 2147483647;
			files = (
				9B48F9192E651F3700C470ED /* Assets.xcassets in Resources */,
			);
			runOnlyForDeploymentPostprocessing = 0;
		};
/* End PBXResourcesBuildPhase section */

/* Begin PBXSourcesBuildPhase section */
		9B9F5B892E64FFC100F3396D /* Sources */ = {
			isa = PBXSourcesBuildPhase;
			buildActionMask = 2147483647;
			files = (
				9B48F9092E651F3700C470ED /* AppCoordinator.swift in Sources */,
				9B5C4D3E2E68A5EF008BD465 /* Image.swift in Sources */,
				9B48F90A2E651F3700C470ED /* AppDelegate.swift in Sources */,
				9B5C4D3A2E68A452008BD465 /* AboutView.swift in Sources */,
				9B48F90B2E651F3700C470ED /* ComfyMarkApp.swift in Sources */,
				9B5C4D1F2E6783EC008BD465 /* ExportFormatRow.swift in Sources */,
				9B5C4D472E68AE22008BD465 /* SettingsSection.swift in Sources */,
				9B5C4D482E68AE22008BD465 /* SettingsContainerView.swift in Sources */,
				9B5C4CCC2E65FFF9008BD465 /* image.metal in Sources */,
				9B5C4D212E6784AD008BD465 /* CGImage.swift in Sources */,
				9B5C4D382E68A434008BD465 /* GeneralSettings.swift in Sources */,
				9B5C4D2A2E688527008BD465 /* EditorState.swift in Sources */,
				9B5C4C082E65FC07008BD465 /* MetalContext.swift in Sources */,
				9B5C4C8B2E65FF4C008BD465 /* Vertex.swift in Sources */,
				9B5C4C0B2E65FC6C008BD465 /* MetalImageView.swift in Sources */,
				9B5C4D432E68AB8E008BD465 /* GeneralViewModel.swift in Sources */,
				9B48F90C2E651F3700C470ED /* ComfyMarkCoordinator.swift in Sources */,
				9B5C4D402E68A8ED008BD465 /* AppSettings.swift in Sources */,
				9B48F90D2E651F3700C470ED /* MenuBarCoordinator.swift in Sources */,
				9B5C4CDC2E675390008BD465 /* Viewport.swift in Sources */,
				9B48F90E2E651F3700C470ED /* SettingsCoordinator.swift in Sources */,
				9B48F90F2E651F3700C470ED /* WindowCoordinator.swift in Sources */,
				9B48F9102E651F3700C470ED /* View.swift in Sources */,
				9B5C4CCE2E662D23008BD465 /* CustomToolbarView.swift in Sources */,
				9B5C4D232E678509008BD465 /* Export.swift in Sources */,
				9B5C4D3C2E68A487008BD465 /* SettingsViewModel.swift in Sources */,
				9B48F9112E651F3700C470ED /* ScreenshotService.swift in Sources */,
				9B48F9122E651F3700C470ED /* ComfyMarkView.swift in Sources */,
				9B5C4D342E68A3DD008BD465 /* SettingsTab.swift in Sources */,
				9B48F9132E651F3700C470ED /* ComfyMarkViewModel.swift in Sources */,
				9B5C4D1D2E6779DE008BD465 /* MenuBarHistory.swift in Sources */,
				9B48F9142E651F3700C470ED /* MenuBarViewButton.swift in Sources */,
				9B48F9152E651F3700C470ED /* MenuBarView.swift in Sources */,
				9B48F9162E651F3700C470ED /* MenuBarViewModel.swift in Sources */,
				9B5C4D322E688A3B008BD465 /* ToolbarEditorStateView.swift in Sources */,
				9B5C4D2E2E6885D8008BD465 /* ComfyMarkDrawingView.swift in Sources */,
				9B5C4CDA2E671D6A008BD465 /* ExportService.swift in Sources */,
				9B5C4CD02E662EB9008BD465 /* ComfyMarkToolbar.swift in Sources */,
				9B48F95B2E65FBF000C470ED /* Stroke.swift in Sources */,
				9B5C4CD42E662EE5008BD465 /* SettingsView.swift in Sources */,
			);
			runOnlyForDeploymentPostprocessing = 0;
		};
/* End PBXSourcesBuildPhase section */

/* Begin XCBuildConfiguration section */
		9B9F5B972E64FFC300F3396D /* Debug */ = {
			isa = XCBuildConfiguration;
			buildSettings = {
				ALWAYS_SEARCH_USER_PATHS = NO;
				ASSETCATALOG_COMPILER_GENERATE_SWIFT_ASSET_SYMBOL_EXTENSIONS = YES;
				CLANG_ANALYZER_NONNULL = YES;
				CLANG_ANALYZER_NUMBER_OBJECT_CONVERSION = YES_AGGRESSIVE;
				CLANG_CXX_LANGUAGE_STANDARD = "gnu++20";
				CLANG_ENABLE_MODULES = YES;
				CLANG_ENABLE_OBJC_ARC = YES;
				CLANG_ENABLE_OBJC_WEAK = YES;
				CLANG_WARN_BLOCK_CAPTURE_AUTORELEASING = YES;
				CLANG_WARN_BOOL_CONVERSION = YES;
				CLANG_WARN_COMMA = YES;
				CLANG_WARN_CONSTANT_CONVERSION = YES;
				CLANG_WARN_DEPRECATED_OBJC_IMPLEMENTATIONS = YES;
				CLANG_WARN_DIRECT_OBJC_ISA_USAGE = YES_ERROR;
				CLANG_WARN_DOCUMENTATION_COMMENTS = YES;
				CLANG_WARN_EMPTY_BODY = YES;
				CLANG_WARN_ENUM_CONVERSION = YES;
				CLANG_WARN_INFINITE_RECURSION = YES;
				CLANG_WARN_INT_CONVERSION = YES;
				CLANG_WARN_NON_LITERAL_NULL_CONVERSION = YES;
				CLANG_WARN_OBJC_IMPLICIT_RETAIN_SELF = YES;
				CLANG_WARN_OBJC_LITERAL_CONVERSION = YES;
				CLANG_WARN_OBJC_ROOT_CLASS = YES_ERROR;
				CLANG_WARN_QUOTED_INCLUDE_IN_FRAMEWORK_HEADER = YES;
				CLANG_WARN_RANGE_LOOP_ANALYSIS = YES;
				CLANG_WARN_STRICT_PROTOTYPES = YES;
				CLANG_WARN_SUSPICIOUS_MOVE = YES;
				CLANG_WARN_UNGUARDED_AVAILABILITY = YES_AGGRESSIVE;
				CLANG_WARN_UNREACHABLE_CODE = YES;
				CLANG_WARN__DUPLICATE_METHOD_MATCH = YES;
				COPY_PHASE_STRIP = NO;
				DEBUG_INFORMATION_FORMAT = dwarf;
				DEVELOPMENT_TEAM = B9P888266K;
				ENABLE_STRICT_OBJC_MSGSEND = YES;
				ENABLE_TESTABILITY = YES;
				ENABLE_USER_SCRIPT_SANDBOXING = YES;
				GCC_C_LANGUAGE_STANDARD = gnu17;
				GCC_DYNAMIC_NO_PIC = NO;
				GCC_NO_COMMON_BLOCKS = YES;
				GCC_OPTIMIZATION_LEVEL = 0;
				GCC_PREPROCESSOR_DEFINITIONS = (
					"DEBUG=1",
					"$(inherited)",
				);
				GCC_WARN_64_TO_32_BIT_CONVERSION = YES;
				GCC_WARN_ABOUT_RETURN_TYPE = YES_ERROR;
				GCC_WARN_UNDECLARED_SELECTOR = YES;
				GCC_WARN_UNINITIALIZED_AUTOS = YES_AGGRESSIVE;
				GCC_WARN_UNUSED_FUNCTION = YES;
				GCC_WARN_UNUSED_VARIABLE = YES;
				LOCALIZATION_PREFERS_STRING_CATALOGS = YES;
				MACOSX_DEPLOYMENT_TARGET = 15.5;
				MTL_ENABLE_DEBUG_INFO = INCLUDE_SOURCE;
				MTL_FAST_MATH = YES;
				ONLY_ACTIVE_ARCH = YES;
				SDKROOT = macosx;
				SWIFT_ACTIVE_COMPILATION_CONDITIONS = "DEBUG $(inherited)";
				SWIFT_OPTIMIZATION_LEVEL = "-Onone";
			};
			name = Debug;
		};
		9B9F5B982E64FFC300F3396D /* Release */ = {
			isa = XCBuildConfiguration;
			buildSettings = {
				ALWAYS_SEARCH_USER_PATHS = NO;
				ASSETCATALOG_COMPILER_GENERATE_SWIFT_ASSET_SYMBOL_EXTENSIONS = YES;
				CLANG_ANALYZER_NONNULL = YES;
				CLANG_ANALYZER_NUMBER_OBJECT_CONVERSION = YES_AGGRESSIVE;
				CLANG_CXX_LANGUAGE_STANDARD = "gnu++20";
				CLANG_ENABLE_MODULES = YES;
				CLANG_ENABLE_OBJC_ARC = YES;
				CLANG_ENABLE_OBJC_WEAK = YES;
				CLANG_WARN_BLOCK_CAPTURE_AUTORELEASING = YES;
				CLANG_WARN_BOOL_CONVERSION = YES;
				CLANG_WARN_COMMA = YES;
				CLANG_WARN_CONSTANT_CONVERSION = YES;
				CLANG_WARN_DEPRECATED_OBJC_IMPLEMENTATIONS = YES;
				CLANG_WARN_DIRECT_OBJC_ISA_USAGE = YES_ERROR;
				CLANG_WARN_DOCUMENTATION_COMMENTS = YES;
				CLANG_WARN_EMPTY_BODY = YES;
				CLANG_WARN_ENUM_CONVERSION = YES;
				CLANG_WARN_INFINITE_RECURSION = YES;
				CLANG_WARN_INT_CONVERSION = YES;
				CLANG_WARN_NON_LITERAL_NULL_CONVERSION = YES;
				CLANG_WARN_OBJC_IMPLICIT_RETAIN_SELF = YES;
				CLANG_WARN_OBJC_LITERAL_CONVERSION = YES;
				CLANG_WARN_OBJC_ROOT_CLASS = YES_ERROR;
				CLANG_WARN_QUOTED_INCLUDE_IN_FRAMEWORK_HEADER = YES;
				CLANG_WARN_RANGE_LOOP_ANALYSIS = YES;
				CLANG_WARN_STRICT_PROTOTYPES = YES;
				CLANG_WARN_SUSPICIOUS_MOVE = YES;
				CLANG_WARN_UNGUARDED_AVAILABILITY = YES_AGGRESSIVE;
				CLANG_WARN_UNREACHABLE_CODE = YES;
				CLANG_WARN__DUPLICATE_METHOD_MATCH = YES;
				COPY_PHASE_STRIP = NO;
				DEBUG_INFORMATION_FORMAT = "dwarf-with-dsym";
				DEVELOPMENT_TEAM = B9P888266K;
				ENABLE_NS_ASSERTIONS = NO;
				ENABLE_STRICT_OBJC_MSGSEND = YES;
				ENABLE_USER_SCRIPT_SANDBOXING = YES;
				GCC_C_LANGUAGE_STANDARD = gnu17;
				GCC_NO_COMMON_BLOCKS = YES;
				GCC_WARN_64_TO_32_BIT_CONVERSION = YES;
				GCC_WARN_ABOUT_RETURN_TYPE = YES_ERROR;
				GCC_WARN_UNDECLARED_SELECTOR = YES;
				GCC_WARN_UNINITIALIZED_AUTOS = YES_AGGRESSIVE;
				GCC_WARN_UNUSED_FUNCTION = YES;
				GCC_WARN_UNUSED_VARIABLE = YES;
				LOCALIZATION_PREFERS_STRING_CATALOGS = YES;
				MACOSX_DEPLOYMENT_TARGET = 15.5;
				MTL_ENABLE_DEBUG_INFO = NO;
				MTL_FAST_MATH = YES;
				SDKROOT = macosx;
				SWIFT_COMPILATION_MODE = wholemodule;
			};
			name = Release;
		};
		9B9F5B9A2E64FFC300F3396D /* Debug */ = {
			isa = XCBuildConfiguration;
			buildSettings = {
				ASSETCATALOG_COMPILER_APPICON_NAME = AppIcon;
				ASSETCATALOG_COMPILER_GLOBAL_ACCENT_COLOR_NAME = AccentColor;
				CODE_SIGN_ENTITLEMENTS = ComfyMark/Config/ComfyMark.entitlements;
				CODE_SIGN_STYLE = Automatic;
				COMBINE_HIDPI_IMAGES = YES;
				CURRENT_PROJECT_VERSION = 1;
				DEVELOPMENT_TEAM = B9P888266K;
				ENABLE_HARDENED_RUNTIME = YES;
				ENABLE_PREVIEWS = YES;
				GENERATE_INFOPLIST_FILE = YES;
				INFOPLIST_FILE = ComfyMark/Config/Info.plist;
				INFOPLIST_KEY_NSHumanReadableCopyright = "";
				LD_RUNPATH_SEARCH_PATHS = (
					"$(inherited)",
					"@executable_path/../Frameworks",
				);
				MARKETING_VERSION = 1.0;
				PRODUCT_BUNDLE_IDENTIFIER = com.aryanrogye.ComfyMark;
				PRODUCT_NAME = "$(TARGET_NAME)";
				REGISTER_APP_GROUPS = YES;
				SWIFT_EMIT_LOC_STRINGS = YES;
				SWIFT_VERSION = 5.0;
			};
			name = Debug;
		};
		9B9F5B9B2E64FFC300F3396D /* Release */ = {
			isa = XCBuildConfiguration;
			buildSettings = {
				ASSETCATALOG_COMPILER_APPICON_NAME = AppIcon;
				ASSETCATALOG_COMPILER_GLOBAL_ACCENT_COLOR_NAME = AccentColor;
				CODE_SIGN_ENTITLEMENTS = ComfyMark/Config/ComfyMark.entitlements;
				CODE_SIGN_STYLE = Automatic;
				COMBINE_HIDPI_IMAGES = YES;
				CURRENT_PROJECT_VERSION = 1;
				DEVELOPMENT_TEAM = B9P888266K;
				ENABLE_HARDENED_RUNTIME = YES;
				ENABLE_PREVIEWS = YES;
				GENERATE_INFOPLIST_FILE = YES;
				INFOPLIST_FILE = ComfyMark/Config/Info.plist;
				INFOPLIST_KEY_NSHumanReadableCopyright = "";
				LD_RUNPATH_SEARCH_PATHS = (
					"$(inherited)",
					"@executable_path/../Frameworks",
				);
				MARKETING_VERSION = 1.0;
				PRODUCT_BUNDLE_IDENTIFIER = com.aryanrogye.ComfyMark;
				PRODUCT_NAME = "$(TARGET_NAME)";
				REGISTER_APP_GROUPS = YES;
				SWIFT_EMIT_LOC_STRINGS = YES;
				SWIFT_VERSION = 5.0;
			};
			name = Release;
		};
/* End XCBuildConfiguration section */

/* Begin XCConfigurationList section */
		9B9F5B882E64FFC100F3396D /* Build configuration list for PBXProject "ComfyMark" */ = {
			isa = XCConfigurationList;
			buildConfigurations = (
				9B9F5B972E64FFC300F3396D /* Debug */,
				9B9F5B982E64FFC300F3396D /* Release */,
			);
			defaultConfigurationIsVisible = 0;
			defaultConfigurationName = Release;
		};
		9B9F5B992E64FFC300F3396D /* Build configuration list for PBXNativeTarget "ComfyMark" */ = {
			isa = XCConfigurationList;
			buildConfigurations = (
				9B9F5B9A2E64FFC300F3396D /* Debug */,
				9B9F5B9B2E64FFC300F3396D /* Release */,
			);
			defaultConfigurationIsVisible = 0;
			defaultConfigurationName = Release;
		};
/* End XCConfigurationList section */
	};
	rootObject = 9B9F5B852E64FFC100F3396D /* Project object */;
}
